Microsoft Visual Studio Solution File, Format Version 12.00
# Visual Studio Version 17
VisualStudioVersion = 17.5.2.0
MinimumVisualStudioVersion = 10.0.40219.1
Project("{FAE04EC0-301F-11D3-BF4B-00C04F79EFBC}") = "HorsesForCourses.Core", "HorsesForCourses.Core\HorsesForCourses.Core.csproj", "{2B915D32-7B65-3372-7812-6D3FBABAA665}"
EndProject
Project("{FAE04EC0-301F-11D3-BF4B-00C04F79EFBC}") = "HorsesForCourses.Tests", "HorsesForCourses.Tests\HorsesForCourses.Tests.csproj", "{89871E4E-9C45-A22D-CCB1-1B9F8E7A950D}"
EndProject
Project("{FAE04EC0-301F-11D3-BF4B-00C04F79EFBC}") = "HorsesForCourses.Infrastructure", "HorsesForCourses.Infrastructure\HorsesForCourses.Infrastructure.csproj", "{0FAAC17E-B5DD-4FF4-8887-1C694FE27CBE}"
EndProject
Project("{FAE04EC0-301F-11D3-BF4B-00C04F79EFBC}") = "HorsesForCourses.WebApi", "HorsesForCourses.WebApi\HorsesForCourses.WebApi.csproj", "{9A174D05-53B6-41B1-A231-2A2AB72579A3}"
EndProject
Project("{FAE04EC0-301F-11D3-BF4B-00C04F79EFBC}") = "HorsesForCourses.Application", "HorsesForCourses.Application\HorsesForCourses.Application.csproj", "{B4A71EAA-BC9F-4753-91BD-F8F90CEA9126}"
EndProject
Project("{FAE04EC0-301F-11D3-BF4B-00C04F79EFBC}") = "HorsesForCourses.MVC", "HorsesForCourses.MVC\HorsesForCourses.MVC.csproj", "{9529416D-D7D5-4059-A82F-D4F270A9DAF3}"
EndProject
Global
	GlobalSection(SolutionConfigurationPlatforms) = preSolution
		Debug|Any CPU = Debug|Any CPU
		Release|Any CPU = Release|Any CPU
	EndGlobalSection
	GlobalSection(ProjectConfigurationPlatforms) = postSolution
		{2B915D32-7B65-3372-7812-6D3FBABAA665}.Debug|Any CPU.ActiveCfg = Debug|Any CPU
		{2B915D32-7B65-3372-7812-6D3FBABAA665}.Debug|Any CPU.Build.0 = Debug|Any CPU
		{2B915D32-7B65-3372-7812-6D3FBABAA665}.Release|Any CPU.ActiveCfg = Release|Any CPU
		{2B915D32-7B65-3372-7812-6D3FBABAA665}.Release|Any CPU.Build.0 = Release|Any CPU
		{89871E4E-9C45-A22D-CCB1-1B9F8E7A950D}.Debug|Any CPU.ActiveCfg = Debug|Any CPU
		{89871E4E-9C45-A22D-CCB1-1B9F8E7A950D}.Debug|Any CPU.Build.0 = Debug|Any CPU
		{89871E4E-9C45-A22D-CCB1-1B9F8E7A950D}.Release|Any CPU.ActiveCfg = Release|Any CPU
		{89871E4E-9C45-A22D-CCB1-1B9F8E7A950D}.Release|Any CPU.Build.0 = Release|Any CPU
		{9A174D05-53B6-41B1-A231-2A2AB72579A3}.Debug|Any CPU.ActiveCfg = Debug|Any CPU
		{9A174D05-53B6-41B1-A231-2A2AB72579A3}.Debug|Any CPU.Build.0 = Debug|Any CPU
		{9A174D05-53B6-41B1-A231-2A2AB72579A3}.Release|Any CPU.ActiveCfg = Release|Any CPU
		{9A174D05-53B6-41B1-A231-2A2AB72579A3}.Release|Any CPU.Build.0 = Release|Any CPU
		{0FAAC17E-B5DD-4FF4-8887-1C694FE27CBE}.Debug|Any CPU.ActiveCfg = Debug|Any CPU
		{0FAAC17E-B5DD-4FF4-8887-1C694FE27CBE}.Debug|Any CPU.Build.0 = Debug|Any CPU
		{0FAAC17E-B5DD-4FF4-8887-1C694FE27CBE}.Release|Any CPU.ActiveCfg = Release|Any CPU
		{0FAAC17E-B5DD-4FF4-8887-1C694FE27CBE}.Release|Any CPU.Build.0 = Release|Any CPU
		{B4A71EAA-BC9F-4753-91BD-F8F90CEA9126}.Debug|Any CPU.ActiveCfg = Debug|Any CPU
		{B4A71EAA-BC9F-4753-91BD-F8F90CEA9126}.Debug|Any CPU.Build.0 = Debug|Any CPU
		{B4A71EAA-BC9F-4753-91BD-F8F90CEA9126}.Release|Any CPU.ActiveCfg = Release|Any CPU
		{B4A71EAA-BC9F-4753-91BD-F8F90CEA9126}.Release|Any CPU.Build.0 = Release|Any CPU
		{9529416D-D7D5-4059-A82F-D4F270A9DAF3}.Debug|Any CPU.ActiveCfg = Debug|Any CPU
		{9529416D-D7D5-4059-A82F-D4F270A9DAF3}.Debug|Any CPU.Build.0 = Debug|Any CPU
		{9529416D-D7D5-4059-A82F-D4F270A9DAF3}.Release|Any CPU.ActiveCfg = Release|Any CPU
		{9529416D-D7D5-4059-A82F-D4F270A9DAF3}.Release|Any CPU.Build.0 = Release|Any CPU
	EndGlobalSection
	GlobalSection(SolutionProperties) = preSolution
		HideSolutionNode = FALSE
	EndGlobalSection
	GlobalSection(ExtensibilityGlobals) = postSolution
		SolutionGuid = {5D86DC22-37C5-4E95-B643-D5539C639B6A}
	EndGlobalSection
EndGlobal
